// !$*UTF8*$!
{
	archiveVersion = 1;
	classes = {
	};
	objectVersion = 50;
	objects = {

/* Begin PBXBuildFile section */
		65143F3226B05DA2006CBDC6 /* GridLayoutView.swift in Sources */ = {isa = PBXBuildFile; fileRef = 65143F3126B05DA2006CBDC6 /* GridLayoutView.swift */; };
		65143F3526B1AD78006CBDC6 /* FetchResults.swift in Sources */ = {isa = PBXBuildFile; fileRef = 65143F3426B1AD78006CBDC6 /* FetchResults.swift */; };
		65143F4626B1C0FD006CBDC6 /* FetchResultsViewModel.swift in Sources */ = {isa = PBXBuildFile; fileRef = 65143F4526B1C0FD006CBDC6 /* FetchResultsViewModel.swift */; };
		65143F4A26B1C717006CBDC6 /* ImagesView.swift in Sources */ = {isa = PBXBuildFile; fileRef = 65143F4926B1C717006CBDC6 /* ImagesView.swift */; };
		654F4AA126AF12FB00D33F50 /* SearchBar.swift in Sources */ = {isa = PBXBuildFile; fileRef = 654F4AA026AF12FB00D33F50 /* SearchBar.swift */; };
		654F4AA426AF1EEE00D33F50 /* TransitionModifier.swift in Sources */ = {isa = PBXBuildFile; fileRef = 654F4AA326AF1EEE00D33F50 /* TransitionModifier.swift */; };
		65592FC226ADC3ED00C758CA /* ShowMeApp.swift in Sources */ = {isa = PBXBuildFile; fileRef = 65592FC126ADC3ED00C758CA /* ShowMeApp.swift */; };
		65592FC426ADC3ED00C758CA /* ContentView.swift in Sources */ = {isa = PBXBuildFile; fileRef = 65592FC326ADC3ED00C758CA /* ContentView.swift */; };
		65592FC626ADC3F400C758CA /* Assets.xcassets in Resources */ = {isa = PBXBuildFile; fileRef = 65592FC526ADC3F400C758CA /* Assets.xcassets */; };
		65592FC926ADC3F400C758CA /* Preview Assets.xcassets in Resources */ = {isa = PBXBuildFile; fileRef = 65592FC826ADC3F400C758CA /* Preview Assets.xcassets */; };
		65592FD326ADC74000C758CA /* OnboardingView.swift in Sources */ = {isa = PBXBuildFile; fileRef = 65592FD226ADC74000C758CA /* OnboardingView.swift */; };
		65592FD526ADC80F00C758CA /* OnboardingViewImage.swift in Sources */ = {isa = PBXBuildFile; fileRef = 65592FD426ADC80F00C758CA /* OnboardingViewImage.swift */; };
		65592FD726ADCDE800C758CA /* OnboardingViewButton.swift in Sources */ = {isa = PBXBuildFile; fileRef = 65592FD626ADCDE800C758CA /* OnboardingViewButton.swift */; };
/* End PBXBuildFile section */

/* Begin PBXFileReference section */
		65143F3126B05DA2006CBDC6 /* GridLayoutView.swift */ = {isa = PBXFileReference; lastKnownFileType = sourcecode.swift; path = GridLayoutView.swift; sourceTree = "<group>"; };
		65143F3426B1AD78006CBDC6 /* FetchResults.swift */ = {isa = PBXFileReference; lastKnownFileType = sourcecode.swift; path = FetchResults.swift; sourceTree = "<group>"; };
		65143F4526B1C0FD006CBDC6 /* FetchResultsViewModel.swift */ = {isa = PBXFileReference; lastKnownFileType = sourcecode.swift; path = FetchResultsViewModel.swift; sourceTree = "<group>"; };
		65143F4926B1C717006CBDC6 /* ImagesView.swift */ = {isa = PBXFileReference; lastKnownFileType = sourcecode.swift; path = ImagesView.swift; sourceTree = "<group>"; };
		654F4AA026AF12FB00D33F50 /* SearchBar.swift */ = {isa = PBXFileReference; lastKnownFileType = sourcecode.swift; path = SearchBar.swift; sourceTree = "<group>"; };
		654F4AA326AF1EEE00D33F50 /* TransitionModifier.swift */ = {isa = PBXFileReference; lastKnownFileType = sourcecode.swift; path = TransitionModifier.swift; sourceTree = "<group>"; };
		65592FBE26ADC3ED00C758CA /* ShowMe.app */ = {isa = PBXFileReference; explicitFileType = wrapper.application; includeInIndex = 0; path = ShowMe.app; sourceTree = BUILT_PRODUCTS_DIR; };
		65592FC126ADC3ED00C758CA /* ShowMeApp.swift */ = {isa = PBXFileReference; lastKnownFileType = sourcecode.swift; path = ShowMeApp.swift; sourceTree = "<group>"; };
		65592FC326ADC3ED00C758CA /* ContentView.swift */ = {isa = PBXFileReference; lastKnownFileType = sourcecode.swift; path = ContentView.swift; sourceTree = "<group>"; };
		65592FC526ADC3F400C758CA /* Assets.xcassets */ = {isa = PBXFileReference; lastKnownFileType = folder.assetcatalog; path = Assets.xcassets; sourceTree = "<group>"; };
		65592FC826ADC3F400C758CA /* Preview Assets.xcassets */ = {isa = PBXFileReference; lastKnownFileType = folder.assetcatalog; path = "Preview Assets.xcassets"; sourceTree = "<group>"; };
		65592FCA26ADC3F400C758CA /* Info.plist */ = {isa = PBXFileReference; lastKnownFileType = text.plist.xml; path = Info.plist; sourceTree = "<group>"; };
		65592FD226ADC74000C758CA /* OnboardingView.swift */ = {isa = PBXFileReference; lastKnownFileType = sourcecode.swift; path = OnboardingView.swift; sourceTree = "<group>"; };
		65592FD426ADC80F00C758CA /* OnboardingViewImage.swift */ = {isa = PBXFileReference; lastKnownFileType = sourcecode.swift; path = OnboardingViewImage.swift; sourceTree = "<group>"; };
		65592FD626ADCDE800C758CA /* OnboardingViewButton.swift */ = {isa = PBXFileReference; lastKnownFileType = sourcecode.swift; path = OnboardingViewButton.swift; sourceTree = "<group>"; };
/* End PBXFileReference section */

/* Begin PBXFrameworksBuildPhase section */
		65592FBB26ADC3ED00C758CA /* Frameworks */ = {
			isa = PBXFrameworksBuildPhase;
			buildActionMask = 2147483647;
			files = (
			);
			runOnlyForDeploymentPostprocessing = 0;
		};
/* End PBXFrameworksBuildPhase section */

/* Begin PBXGroup section */
		65143F3326B0659B006CBDC6 /* Model */ = {
			isa = PBXGroup;
			children = (
				65143F3426B1AD78006CBDC6 /* FetchResults.swift */,
			);
			path = Model;
			sourceTree = "<group>";
		};
		65143F4B26B1CB32006CBDC6 /* ViewModel */ = {
			isa = PBXGroup;
			children = (
				65143F4526B1C0FD006CBDC6 /* FetchResultsViewModel.swift */,
			);
			path = ViewModel;
			sourceTree = "<group>";
		};
		654F4AA226AF1ECF00D33F50 /* Modifiers */ = {
			isa = PBXGroup;
			children = (
				654F4AA326AF1EEE00D33F50 /* TransitionModifier.swift */,
			);
			path = Modifiers;
			sourceTree = "<group>";
		};
		65592FB526ADC3EC00C758CA = {
			isa = PBXGroup;
			children = (
				65592FC026ADC3ED00C758CA /* ShowMe */,
				65592FBF26ADC3ED00C758CA /* Products */,
			);
			sourceTree = "<group>";
		};
		65592FBF26ADC3ED00C758CA /* Products */ = {
			isa = PBXGroup;
			children = (
				65592FBE26ADC3ED00C758CA /* ShowMe.app */,
			);
			name = Products;
			sourceTree = "<group>";
		};
		65592FC026ADC3ED00C758CA /* ShowMe */ = {
			isa = PBXGroup;
			children = (
				65143F4B26B1CB32006CBDC6 /* ViewModel */,
				65143F3326B0659B006CBDC6 /* Model */,
				654F4AA226AF1ECF00D33F50 /* Modifiers */,
				65592FD126ADC70900C758CA /* View */,
				65592FD026ADC6F600C758CA /* App */,
				65592FC526ADC3F400C758CA /* Assets.xcassets */,
				65592FCA26ADC3F400C758CA /* Info.plist */,
				65592FC726ADC3F400C758CA /* Preview Content */,
			);
			path = ShowMe;
			sourceTree = "<group>";
		};
		65592FC726ADC3F400C758CA /* Preview Content */ = {
			isa = PBXGroup;
			children = (
				65592FC826ADC3F400C758CA /* Preview Assets.xcassets */,
			);
			path = "Preview Content";
			sourceTree = "<group>";
		};
		65592FD026ADC6F600C758CA /* App */ = {
			isa = PBXGroup;
			children = (
				65592FC126ADC3ED00C758CA /* ShowMeApp.swift */,
				65592FC326ADC3ED00C758CA /* ContentView.swift */,
				65592FD226ADC74000C758CA /* OnboardingView.swift */,
			);
			path = App;
			sourceTree = "<group>";
		};
		65592FD126ADC70900C758CA /* View */ = {
			isa = PBXGroup;
			children = (
				65592FD426ADC80F00C758CA /* OnboardingViewImage.swift */,
				65592FD626ADCDE800C758CA /* OnboardingViewButton.swift */,
				654F4AA026AF12FB00D33F50 /* SearchBar.swift */,
				65143F3126B05DA2006CBDC6 /* GridLayoutView.swift */,
				65143F4926B1C717006CBDC6 /* ImagesView.swift */,
			);
			path = View;
			sourceTree = "<group>";
		};
/* End PBXGroup section */

/* Begin PBXNativeTarget section */
		65592FBD26ADC3ED00C758CA /* ShowMe */ = {
			isa = PBXNativeTarget;
			buildConfigurationList = 65592FCD26ADC3F400C758CA /* Build configuration list for PBXNativeTarget "ShowMe" */;
			buildPhases = (
				65592FBA26ADC3ED00C758CA /* Sources */,
				65592FBB26ADC3ED00C758CA /* Frameworks */,
				65592FBC26ADC3ED00C758CA /* Resources */,
			);
			buildRules = (
			);
			dependencies = (
			);
			name = ShowMe;
			productName = ShowMe;
			productReference = 65592FBE26ADC3ED00C758CA /* ShowMe.app */;
			productType = "com.apple.product-type.application";
		};
/* End PBXNativeTarget section */

/* Begin PBXProject section */
		65592FB626ADC3ED00C758CA /* Project object */ = {
			isa = PBXProject;
			attributes = {
				LastSwiftUpdateCheck = 1250;
				LastUpgradeCheck = 1250;
				TargetAttributes = {
					65592FBD26ADC3ED00C758CA = {
						CreatedOnToolsVersion = 12.5.1;
					};
				};
			};
			buildConfigurationList = 65592FB926ADC3ED00C758CA /* Build configuration list for PBXProject "ShowMe" */;
			compatibilityVersion = "Xcode 9.3";
			developmentRegion = en;
			hasScannedForEncodings = 0;
			knownRegions = (
				en,
				Base,
			);
			mainGroup = 65592FB526ADC3EC00C758CA;
			productRefGroup = 65592FBF26ADC3ED00C758CA /* Products */;
			projectDirPath = "";
			projectRoot = "";
			targets = (
				65592FBD26ADC3ED00C758CA /* ShowMe */,
			);
		};
/* End PBXProject section */

/* Begin PBXResourcesBuildPhase section */
		65592FBC26ADC3ED00C758CA /* Resources */ = {
			isa = PBXResourcesBuildPhase;
			buildActionMask = 2147483647;
			files = (
				65592FC926ADC3F400C758CA /* Preview Assets.xcassets in Resources */,
				65592FC626ADC3F400C758CA /* Assets.xcassets in Resources */,
			);
			runOnlyForDeploymentPostprocessing = 0;
		};
/* End PBXResourcesBuildPhase section */

/* Begin PBXSourcesBuildPhase section */
		65592FBA26ADC3ED00C758CA /* Sources */ = {
			isa = PBXSourcesBuildPhase;
			buildActionMask = 2147483647;
			files = (
				654F4AA426AF1EEE00D33F50 /* TransitionModifier.swift in Sources */,
				65143F4626B1C0FD006CBDC6 /* FetchResultsViewModel.swift in Sources */,
				65592FD726ADCDE800C758CA /* OnboardingViewButton.swift in Sources */,
				65143F3526B1AD78006CBDC6 /* FetchResults.swift in Sources */,
				65592FD326ADC74000C758CA /* OnboardingView.swift in Sources */,
				65592FD526ADC80F00C758CA /* OnboardingViewImage.swift in Sources */,
				65592FC426ADC3ED00C758CA /* ContentView.swift in Sources */,
				65143F4A26B1C717006CBDC6 /* ImagesView.swift in Sources */,
				654F4AA126AF12FB00D33F50 /* SearchBar.swift in Sources */,
				65592FC226ADC3ED00C758CA /* ShowMeApp.swift in Sources */,
				65143F3226B05DA2006CBDC6 /* GridLayoutView.swift in Sources */,
			);
			runOnlyForDeploymentPostprocessing = 0;
		};
/* End PBXSourcesBuildPhase section */

/* Begin XCBuildConfiguration section */
		65592FCB26ADC3F400C758CA /* Debug */ = {
			isa = XCBuildConfiguration;
			buildSettings = {
				ALWAYS_SEARCH_USER_PATHS = NO;
				CLANG_ANALYZER_NONNULL = YES;
				CLANG_ANALYZER_NUMBER_OBJECT_CONVERSION = YES_AGGRESSIVE;
				CLANG_CXX_LANGUAGE_STANDARD = "gnu++14";
				CLANG_CXX_LIBRARY = "libc++";
				CLANG_ENABLE_MODULES = YES;
				CLANG_ENABLE_OBJC_ARC = YES;
				CLANG_ENABLE_OBJC_WEAK = YES;
				CLANG_WARN_BLOCK_CAPTURE_AUTORELEASING = YES;
				CLANG_WARN_BOOL_CONVERSION = YES;
				CLANG_WARN_COMMA = YES;
				CLANG_WARN_CONSTANT_CONVERSION = YES;
				CLANG_WARN_DEPRECATED_OBJC_IMPLEMENTATIONS = YES;
				CLANG_WARN_DIRECT_OBJC_ISA_USAGE = YES_ERROR;
				CLANG_WARN_DOCUMENTATION_COMMENTS = YES;
				CLANG_WARN_EMPTY_BODY = YES;
				CLANG_WARN_ENUM_CONVERSION = YES;
				CLANG_WARN_INFINITE_RECURSION = YES;
				CLANG_WARN_INT_CONVERSION = YES;
				CLANG_WARN_NON_LITERAL_NULL_CONVERSION = YES;
				CLANG_WARN_OBJC_IMPLICIT_RETAIN_SELF = YES;
				CLANG_WARN_OBJC_LITERAL_CONVERSION = YES;
				CLANG_WARN_OBJC_ROOT_CLASS = YES_ERROR;
				CLANG_WARN_QUOTED_INCLUDE_IN_FRAMEWORK_HEADER = YES;
				CLANG_WARN_RANGE_LOOP_ANALYSIS = YES;
				CLANG_WARN_STRICT_PROTOTYPES = YES;
				CLANG_WARN_SUSPICIOUS_MOVE = YES;
				CLANG_WARN_UNGUARDED_AVAILABILITY = YES_AGGRESSIVE;
				CLANG_WARN_UNREACHABLE_CODE = YES;
				CLANG_WARN__DUPLICATE_METHOD_MATCH = YES;
				COPY_PHASE_STRIP = NO;
				DEBUG_INFORMATION_FORMAT = dwarf;
				ENABLE_STRICT_OBJC_MSGSEND = YES;
				ENABLE_TESTABILITY = YES;
				GCC_C_LANGUAGE_STANDARD = gnu11;
				GCC_DYNAMIC_NO_PIC = NO;
				GCC_NO_COMMON_BLOCKS = YES;
				GCC_OPTIMIZATION_LEVEL = 0;
				GCC_PREPROCESSOR_DEFINITIONS = (
					"DEBUG=1",
					"$(inherited)",
				);
				GCC_WARN_64_TO_32_BIT_CONVERSION = YES;
				GCC_WARN_ABOUT_RETURN_TYPE = YES_ERROR;
				GCC_WARN_UNDECLARED_SELECTOR = YES;
				GCC_WARN_UNINITIALIZED_AUTOS = YES_AGGRESSIVE;
				GCC_WARN_UNUSED_FUNCTION = YES;
				GCC_WARN_UNUSED_VARIABLE = YES;
				IPHONEOS_DEPLOYMENT_TARGET = 14.5;
				MTL_ENABLE_DEBUG_INFO = INCLUDE_SOURCE;
				MTL_FAST_MATH = YES;
				ONLY_ACTIVE_ARCH = YES;
				SDKROOT = iphoneos;
				SWIFT_ACTIVE_COMPILATION_CONDITIONS = DEBUG;
				SWIFT_OPTIMIZATION_LEVEL = "-Onone";
			};
			name = Debug;
		};
		65592FCC26ADC3F400C758CA /* Release */ = {
			isa = XCBuildConfiguration;
			buildSettings = {
				ALWAYS_SEARCH_USER_PATHS = NO;
				CLANG_ANALYZER_NONNULL = YES;
				CLANG_ANALYZER_NUMBER_OBJECT_CONVERSION = YES_AGGRESSIVE;
				CLANG_CXX_LANGUAGE_STANDARD = "gnu++14";
				CLANG_CXX_LIBRARY = "libc++";
				CLANG_ENABLE_MODULES = YES;
				CLANG_ENABLE_OBJC_ARC = YES;
				CLANG_ENABLE_OBJC_WEAK = YES;
				CLANG_WARN_BLOCK_CAPTURE_AUTORELEASING = YES;
				CLANG_WARN_BOOL_CONVERSION = YES;
				CLANG_WARN_COMMA = YES;
				CLANG_WARN_CONSTANT_CONVERSION = YES;
				CLANG_WARN_DEPRECATED_OBJC_IMPLEMENTATIONS = YES;
				CLANG_WARN_DIRECT_OBJC_ISA_USAGE = YES_ERROR;
				CLANG_WARN_DOCUMENTATION_COMMENTS = YES;
				CLANG_WARN_EMPTY_BODY = YES;
				CLANG_WARN_ENUM_CONVERSION = YES;
				CLANG_WARN_INFINITE_RECURSION = YES;
				CLANG_WARN_INT_CONVERSION = YES;
				CLANG_WARN_NON_LITERAL_NULL_CONVERSION = YES;
				CLANG_WARN_OBJC_IMPLICIT_RETAIN_SELF = YES;
				CLANG_WARN_OBJC_LITERAL_CONVERSION = YES;
				CLANG_WARN_OBJC_ROOT_CLASS = YES_ERROR;
				CLANG_WARN_QUOTED_INCLUDE_IN_FRAMEWORK_HEADER = YES;
				CLANG_WARN_RANGE_LOOP_ANALYSIS = YES;
				CLANG_WARN_STRICT_PROTOTYPES = YES;
				CLANG_WARN_SUSPICIOUS_MOVE = YES;
				CLANG_WARN_UNGUARDED_AVAILABILITY = YES_AGGRESSIVE;
				CLANG_WARN_UNREACHABLE_CODE = YES;
				CLANG_WARN__DUPLICATE_METHOD_MATCH = YES;
				COPY_PHASE_STRIP = NO;
				DEBUG_INFORMATION_FORMAT = "dwarf-with-dsym";
				ENABLE_NS_ASSERTIONS = NO;
				ENABLE_STRICT_OBJC_MSGSEND = YES;
				GCC_C_LANGUAGE_STANDARD = gnu11;
				GCC_NO_COMMON_BLOCKS = YES;
				GCC_WARN_64_TO_32_BIT_CONVERSION = YES;
				GCC_WARN_ABOUT_RETURN_TYPE = YES_ERROR;
				GCC_WARN_UNDECLARED_SELECTOR = YES;
				GCC_WARN_UNINITIALIZED_AUTOS = YES_AGGRESSIVE;
				GCC_WARN_UNUSED_FUNCTION = YES;
				GCC_WARN_UNUSED_VARIABLE = YES;
				IPHONEOS_DEPLOYMENT_TARGET = 14.5;
				MTL_ENABLE_DEBUG_INFO = NO;
				MTL_FAST_MATH = YES;
				SDKROOT = iphoneos;
				SWIFT_COMPILATION_MODE = wholemodule;
				SWIFT_OPTIMIZATION_LEVEL = "-O";
				VALIDATE_PRODUCT = YES;
			};
			name = Release;
		};
		65592FCE26ADC3F400C758CA /* Debug */ = {
			isa = XCBuildConfiguration;
			buildSettings = {
				ASSETCATALOG_COMPILER_APPICON_NAME = AppIcon;
				ASSETCATALOG_COMPILER_GLOBAL_ACCENT_COLOR_NAME = AccentColor;
				CODE_SIGN_STYLE = Automatic;
				DEVELOPMENT_ASSET_PATHS = "\"ShowMe/Preview Content\"";
				DEVELOPMENT_TEAM = 7R738Q22NX;
				ENABLE_PREVIEWS = YES;
				INFOPLIST_FILE = ShowMe/Info.plist;
				IPHONEOS_DEPLOYMENT_TARGET = 14.0;
				LD_RUNPATH_SEARCH_PATHS = (
					"$(inherited)",
					"@executable_path/Frameworks",
				);
				PRODUCT_BUNDLE_IDENTIFIER = com.degermon.ShowMe;
				PRODUCT_NAME = "$(TARGET_NAME)";
				SWIFT_VERSION = 5.0;
				TARGETED_DEVICE_FAMILY = "1,2";
			};
			name = Debug;
		};
		65592FCF26ADC3F400C758CA /* Release */ = {
			isa = XCBuildConfiguration;
			buildSettings = {
				ASSETCATALOG_COMPILER_APPICON_NAME = AppIcon;
				ASSETCATALOG_COMPILER_GLOBAL_ACCENT_COLOR_NAME = AccentColor;
				CODE_SIGN_STYLE = Automatic;
				DEVELOPMENT_ASSET_PATHS = "\"ShowMe/Preview Content\"";
				DEVELOPMENT_TEAM = 7R738Q22NX;
				ENABLE_PREVIEWS = YES;
				INFOPLIST_FILE = ShowMe/Info.plist;
				IPHONEOS_DEPLOYMENT_TARGET = 14.0;
				LD_RUNPATH_SEARCH_PATHS = (
					"$(inherited)",
					"@executable_path/Frameworks",
				);
				PRODUCT_BUNDLE_IDENTIFIER = com.degermon.ShowMe;
				PRODUCT_NAME = "$(TARGET_NAME)";
				SWIFT_VERSION = 5.0;
				TARGETED_DEVICE_FAMILY = "1,2";
			};
			name = Release;
		};
/* End XCBuildConfiguration section */

/* Begin XCConfigurationList section */
		65592FB926ADC3ED00C758CA /* Build configuration list for PBXProject "ShowMe" */ = {
			isa = XCConfigurationList;
			buildConfigurations = (
				65592FCB26ADC3F400C758CA /* Debug */,
				65592FCC26ADC3F400C758CA /* Release */,
			);
			defaultConfigurationIsVisible = 0;
			defaultConfigurationName = Release;
		};
		65592FCD26ADC3F400C758CA /* Build configuration list for PBXNativeTarget "ShowMe" */ = {
			isa = XCConfigurationList;
			buildConfigurations = (
				65592FCE26ADC3F400C758CA /* Debug */,
				65592FCF26ADC3F400C758CA /* Release */,
			);
			defaultConfigurationIsVisible = 0;
			defaultConfigurationName = Release;
		};
/* End XCConfigurationList section */
	};
	rootObject = 65592FB626ADC3ED00C758CA /* Project object */;
}
